
Microsoft Visual Studio Solution File, Format Version 12.00
# Visual Studio Version 16
VisualStudioVersion = 16.0.31702.278
MinimumVisualStudioVersion = 10.0.40219.1
Project("{FAE04EC0-301F-11D3-BF4B-00C04F79EFBC}") = "01.Ages", "01.Ages\01.Ages.csproj", "{AE103D1F-4146-4CAC-9494-6FA1BCFB85C9}"
EndProject
Project("{FAE04EC0-301F-11D3-BF4B-00C04F79EFBC}") = "02.Division", "02.Division\02.Division.csproj", "{74E81BF1-8DE2-4213-ABF8-8C1C7E080258}"
EndProject
Project("{FAE04EC0-301F-11D3-BF4B-00C04F79EFBC}") = "03.Vacation", "03.Vacation\03.Vacation.csproj", "{6C46AF00-B114-491E-8033-5D756FE247D4}"
EndProject
Project("{FAE04EC0-301F-11D3-BF4B-00C04F79EFBC}") = "04.PrintAndSum", "04.PrintAndSum\04.PrintAndSum.csproj", "{E0E770E3-DE6B-4772-8AA5-5277007C5D3C}"
EndProject
Project("{FAE04EC0-301F-11D3-BF4B-00C04F79EFBC}") = "05.Login", "05.Login\05.Login.csproj", "{18D020A8-89C4-4009-8E1A-87DE6F7F07BF}"
EndProject
Project("{FAE04EC0-301F-11D3-BF4B-00C04F79EFBC}") = "06.StrongNumber", "06.StrongNumber\06.StrongNumber.csproj", "{D63CFB72-B85C-4E3C-99BB-E9B798670B01}"
EndProject
Project("{FAE04EC0-301F-11D3-BF4B-00C04F79EFBC}") = "07.VendingMachine", "07.VendingMachine\07.VendingMachine.csproj", "{A1099B94-467E-4E15-9173-24B5A007D226}"
EndProject
Project("{FAE04EC0-301F-11D3-BF4B-00C04F79EFBC}") = "08.TriangleOfNumbers", "08.TriangleOfNumbers\08.TriangleOfNumbers.csproj", "{4BAAEE51-66E4-47A7-A469-37DAF71C330F}"
EndProject
Project("{FAE04EC0-301F-11D3-BF4B-00C04F79EFBC}") = "09.PadawanEquipment", "09.PadawanEquipment\09.PadawanEquipment.csproj", "{4D7ADC0E-B9B7-42A0-9EC1-0B47C3C8B8D4}"
EndProject
Global
	GlobalSection(SolutionConfigurationPlatforms) = preSolution
		Debug|Any CPU = Debug|Any CPU
		Release|Any CPU = Release|Any CPU
	EndGlobalSection
	GlobalSection(ProjectConfigurationPlatforms) = postSolution
		{AE103D1F-4146-4CAC-9494-6FA1BCFB85C9}.Debug|Any CPU.ActiveCfg = Debug|Any CPU
		{AE103D1F-4146-4CAC-9494-6FA1BCFB85C9}.Debug|Any CPU.Build.0 = Debug|Any CPU
		{AE103D1F-4146-4CAC-9494-6FA1BCFB85C9}.Release|Any CPU.ActiveCfg = Release|Any CPU
		{AE103D1F-4146-4CAC-9494-6FA1BCFB85C9}.Release|Any CPU.Build.0 = Release|Any CPU
		{74E81BF1-8DE2-4213-ABF8-8C1C7E080258}.Debug|Any CPU.ActiveCfg = Debug|Any CPU
		{74E81BF1-8DE2-4213-ABF8-8C1C7E080258}.Debug|Any CPU.Build.0 = Debug|Any CPU
		{74E81BF1-8DE2-4213-ABF8-8C1C7E080258}.Release|Any CPU.ActiveCfg = Release|Any CPU
		{74E81BF1-8DE2-4213-ABF8-8C1C7E080258}.Release|Any CPU.Build.0 = Release|Any CPU
		{6C46AF00-B114-491E-8033-5D756FE247D4}.Debug|Any CPU.ActiveCfg = Debug|Any CPU
		{6C46AF00-B114-491E-8033-5D756FE247D4}.Debug|Any CPU.Build.0 = Debug|Any CPU
		{6C46AF00-B114-491E-8033-5D756FE247D4}.Release|Any CPU.ActiveCfg = Release|Any CPU
		{6C46AF00-B114-491E-8033-5D756FE247D4}.Release|Any CPU.Build.0 = Release|Any CPU
		{E0E770E3-DE6B-4772-8AA5-5277007C5D3C}.Debug|Any CPU.ActiveCfg = Debug|Any CPU
		{E0E770E3-DE6B-4772-8AA5-5277007C5D3C}.Debug|Any CPU.Build.0 = Debug|Any CPU
		{E0E770E3-DE6B-4772-8AA5-5277007C5D3C}.Release|Any CPU.ActiveCfg = Release|Any CPU
		{E0E770E3-DE6B-4772-8AA5-5277007C5D3C}.Release|Any CPU.Build.0 = Release|Any CPU
		{18D020A8-89C4-4009-8E1A-87DE6F7F07BF}.Debug|Any CPU.ActiveCfg = Debug|Any CPU
		{18D020A8-89C4-4009-8E1A-87DE6F7F07BF}.Debug|Any CPU.Build.0 = Debug|Any CPU
		{18D020A8-89C4-4009-8E1A-87DE6F7F07BF}.Release|Any CPU.ActiveCfg = Release|Any CPU
		{18D020A8-89C4-4009-8E1A-87DE6F7F07BF}.Release|Any CPU.Build.0 = Release|Any CPU
		{D63CFB72-B85C-4E3C-99BB-E9B798670B01}.Debug|Any CPU.ActiveCfg = Debug|Any CPU
		{D63CFB72-B85C-4E3C-99BB-E9B798670B01}.Debug|Any CPU.Build.0 = Debug|Any CPU
		{D63CFB72-B85C-4E3C-99BB-E9B798670B01}.Release|Any CPU.ActiveCfg = Release|Any CPU
		{D63CFB72-B85C-4E3C-99BB-E9B798670B01}.Release|Any CPU.Build.0 = Release|Any CPU
		{A1099B94-467E-4E15-9173-24B5A007D226}.Debug|Any CPU.ActiveCfg = Debug|Any CPU
		{A1099B94-467E-4E15-9173-24B5A007D226}.Debug|Any CPU.Build.0 = Debug|Any CPU
		{A1099B94-467E-4E15-9173-24B5A007D226}.Release|Any CPU.ActiveCfg = Release|Any CPU
		{A1099B94-467E-4E15-9173-24B5A007D226}.Release|Any CPU.Build.0 = Release|Any CPU
		{4BAAEE51-66E4-47A7-A469-37DAF71C330F}.Debug|Any CPU.ActiveCfg = Debug|Any CPU
		{4BAAEE51-66E4-47A7-A469-37DAF71C330F}.Debug|Any CPU.Build.0 = Debug|Any CPU
		{4BAAEE51-66E4-47A7-A469-37DAF71C330F}.Release|Any CPU.ActiveCfg = Release|Any CPU
		{4BAAEE51-66E4-47A7-A469-37DAF71C330F}.Release|Any CPU.Build.0 = Release|Any CPU
		{4D7ADC0E-B9B7-42A0-9EC1-0B47C3C8B8D4}.Debug|Any CPU.ActiveCfg = Debug|Any CPU
		{4D7ADC0E-B9B7-42A0-9EC1-0B47C3C8B8D4}.Debug|Any CPU.Build.0 = Debug|Any CPU
		{4D7ADC0E-B9B7-42A0-9EC1-0B47C3C8B8D4}.Release|Any CPU.ActiveCfg = Release|Any CPU
		{4D7ADC0E-B9B7-42A0-9EC1-0B47C3C8B8D4}.Release|Any CPU.Build.0 = Release|Any CPU
	EndGlobalSection
	GlobalSection(SolutionProperties) = preSolution
		HideSolutionNode = FALSE
	EndGlobalSection
	GlobalSection(ExtensibilityGlobals) = postSolution
		SolutionGuid = {C5F24DA0-F092-4B49-80BE-5B4293932C23}
	EndGlobalSection
EndGlobal
