
Microsoft Visual Studio Solution File, Format Version 12.00
# Visual Studio Version 16
VisualStudioVersion = 16.0.31702.278
MinimumVisualStudioVersion = 10.0.40219.1
Project("{FAE04EC0-301F-11D3-BF4B-00C04F79EFBC}") = "01.Cinema", "..\..\source\repos\ConditionalStatementsAdvanced\01.Movie\01.Cinema.csproj", "{9EFC1E1C-028E-4E95-96B9-5AF4BD33038F}"
EndProject
Project("{FAE04EC0-301F-11D3-BF4B-00C04F79EFBC}") = "02.SummerOutfit", "..\..\source\repos\ConditionalStatementsAdvanced\02.SummerOutfit\02.SummerOutfit.csproj", "{6E561B7E-5BA0-467A-9790-8AA06F4A53EE}"
EndProject
Project("{FAE04EC0-301F-11D3-BF4B-00C04F79EFBC}") = "03.NewHouse", "..\..\source\repos\ConditionalStatementsAdvanced\03.NewHouse\03.NewHouse.csproj", "{BC890643-B8A4-4108-BC34-064ACA9C90E4}"
EndProject
Project("{FAE04EC0-301F-11D3-BF4B-00C04F79EFBC}") = "04.FishingBoat", "..\..\source\repos\ConditionalStatementsAdvanced\04.FishingBoat\04.FishingBoat.csproj", "{77E06A0B-6499-4814-97B6-0A88B457E91D}"
EndProject
Project("{FAE04EC0-301F-11D3-BF4B-00C04F79EFBC}") = "05.Journey", "05.Journey\05.Journey.csproj", "{AD8EEF14-DE7B-4967-9A11-1B9A007FAB6B}"
EndProject
Project("{FAE04EC0-301F-11D3-BF4B-00C04F79EFBC}") = "06.OperationsBetweenNumbers", "06.OperationsBetweenNumbers\06.OperationsBetweenNumbers.csproj", "{7465BA10-7DED-4281-8548-A27FDE75D72C}"
EndProject
Project("{FAE04EC0-301F-11D3-BF4B-00C04F79EFBC}") = "07.HotelRoom", "07.HotelRoom\07.HotelRoom.csproj", "{2DB41199-F452-48B4-AE0E-80E406375BD0}"
EndProject
Project("{FAE04EC0-301F-11D3-BF4B-00C04F79EFBC}") = "08.OnTimeForTheExam", "08.OnTimeForTheExam\08.OnTimeForTheExam.csproj", "{BB4CB0D2-1C58-401E-953B-7F21E759509B}"
EndProject
Project("{FAE04EC0-301F-11D3-BF4B-00C04F79EFBC}") = "09.SkiTrip", "09.SkiTrip\09.SkiTrip.csproj", "{3CDB40B5-739E-4AC1-83E1-A99D5410429A}"
EndProject
Global
	GlobalSection(SolutionConfigurationPlatforms) = preSolution
		Debug|Any CPU = Debug|Any CPU
		Release|Any CPU = Release|Any CPU
	EndGlobalSection
	GlobalSection(ProjectConfigurationPlatforms) = postSolution
		{9EFC1E1C-028E-4E95-96B9-5AF4BD33038F}.Debug|Any CPU.ActiveCfg = Debug|Any CPU
		{9EFC1E1C-028E-4E95-96B9-5AF4BD33038F}.Debug|Any CPU.Build.0 = Debug|Any CPU
		{9EFC1E1C-028E-4E95-96B9-5AF4BD33038F}.Release|Any CPU.ActiveCfg = Release|Any CPU
		{9EFC1E1C-028E-4E95-96B9-5AF4BD33038F}.Release|Any CPU.Build.0 = Release|Any CPU
		{6E561B7E-5BA0-467A-9790-8AA06F4A53EE}.Debug|Any CPU.ActiveCfg = Debug|Any CPU
		{6E561B7E-5BA0-467A-9790-8AA06F4A53EE}.Debug|Any CPU.Build.0 = Debug|Any CPU
		{6E561B7E-5BA0-467A-9790-8AA06F4A53EE}.Release|Any CPU.ActiveCfg = Release|Any CPU
		{6E561B7E-5BA0-467A-9790-8AA06F4A53EE}.Release|Any CPU.Build.0 = Release|Any CPU
		{BC890643-B8A4-4108-BC34-064ACA9C90E4}.Debug|Any CPU.ActiveCfg = Debug|Any CPU
		{BC890643-B8A4-4108-BC34-064ACA9C90E4}.Debug|Any CPU.Build.0 = Debug|Any CPU
		{BC890643-B8A4-4108-BC34-064ACA9C90E4}.Release|Any CPU.ActiveCfg = Release|Any CPU
		{BC890643-B8A4-4108-BC34-064ACA9C90E4}.Release|Any CPU.Build.0 = Release|Any CPU
		{77E06A0B-6499-4814-97B6-0A88B457E91D}.Debug|Any CPU.ActiveCfg = Debug|Any CPU
		{77E06A0B-6499-4814-97B6-0A88B457E91D}.Debug|Any CPU.Build.0 = Debug|Any CPU
		{77E06A0B-6499-4814-97B6-0A88B457E91D}.Release|Any CPU.ActiveCfg = Release|Any CPU
		{77E06A0B-6499-4814-97B6-0A88B457E91D}.Release|Any CPU.Build.0 = Release|Any CPU
		{AD8EEF14-DE7B-4967-9A11-1B9A007FAB6B}.Debug|Any CPU.ActiveCfg = Debug|Any CPU
		{AD8EEF14-DE7B-4967-9A11-1B9A007FAB6B}.Debug|Any CPU.Build.0 = Debug|Any CPU
		{AD8EEF14-DE7B-4967-9A11-1B9A007FAB6B}.Release|Any CPU.ActiveCfg = Release|Any CPU
		{AD8EEF14-DE7B-4967-9A11-1B9A007FAB6B}.Release|Any CPU.Build.0 = Release|Any CPU
		{7465BA10-7DED-4281-8548-A27FDE75D72C}.Debug|Any CPU.ActiveCfg = Debug|Any CPU
		{7465BA10-7DED-4281-8548-A27FDE75D72C}.Debug|Any CPU.Build.0 = Debug|Any CPU
		{7465BA10-7DED-4281-8548-A27FDE75D72C}.Release|Any CPU.ActiveCfg = Release|Any CPU
		{7465BA10-7DED-4281-8548-A27FDE75D72C}.Release|Any CPU.Build.0 = Release|Any CPU
		{2DB41199-F452-48B4-AE0E-80E406375BD0}.Debug|Any CPU.ActiveCfg = Debug|Any CPU
		{2DB41199-F452-48B4-AE0E-80E406375BD0}.Debug|Any CPU.Build.0 = Debug|Any CPU
		{2DB41199-F452-48B4-AE0E-80E406375BD0}.Release|Any CPU.ActiveCfg = Release|Any CPU
		{2DB41199-F452-48B4-AE0E-80E406375BD0}.Release|Any CPU.Build.0 = Release|Any CPU
		{BB4CB0D2-1C58-401E-953B-7F21E759509B}.Debug|Any CPU.ActiveCfg = Debug|Any CPU
		{BB4CB0D2-1C58-401E-953B-7F21E759509B}.Debug|Any CPU.Build.0 = Debug|Any CPU
		{BB4CB0D2-1C58-401E-953B-7F21E759509B}.Release|Any CPU.ActiveCfg = Release|Any CPU
		{BB4CB0D2-1C58-401E-953B-7F21E759509B}.Release|Any CPU.Build.0 = Release|Any CPU
		{3CDB40B5-739E-4AC1-83E1-A99D5410429A}.Debug|Any CPU.ActiveCfg = Debug|Any CPU
		{3CDB40B5-739E-4AC1-83E1-A99D5410429A}.Debug|Any CPU.Build.0 = Debug|Any CPU
		{3CDB40B5-739E-4AC1-83E1-A99D5410429A}.Release|Any CPU.ActiveCfg = Release|Any CPU
		{3CDB40B5-739E-4AC1-83E1-A99D5410429A}.Release|Any CPU.Build.0 = Release|Any CPU
	EndGlobalSection
	GlobalSection(SolutionProperties) = preSolution
		HideSolutionNode = FALSE
	EndGlobalSection
	GlobalSection(ExtensibilityGlobals) = postSolution
		SolutionGuid = {DD24BB27-10C3-4F55-9604-A38B39F820A3}
	EndGlobalSection
EndGlobal
