
Microsoft Visual Studio Solution File, Format Version 12.00
# Visual Studio Version 16
VisualStudioVersion = 16.0.31702.278
MinimumVisualStudioVersion = 10.0.40219.1
Project("{FAE04EC0-301F-11D3-BF4B-00C04F79EFBC}") = "01.USDtoBGN", "01.USDtoBGN\01.USDtoBGN.csproj", "{3D93ABF7-BC01-4787-BE7F-5ED7F0CCB327}"
EndProject
Project("{FAE04EC0-301F-11D3-BF4B-00C04F79EFBC}") = "02.RadiansToDegree", "02.RadiansToDegree\02.RadiansToDegree.csproj", "{89D9A447-B4BB-4117-8CF7-3D0207A6DAE2}"
EndProject
Project("{FAE04EC0-301F-11D3-BF4B-00C04F79EFBC}") = "03.DepositCalculator", "03.DepositCalculator\03.DepositCalculator.csproj", "{D4DFABA6-0BBD-49EE-BD20-A85F2FF1D131}"
EndProject
Project("{FAE04EC0-301F-11D3-BF4B-00C04F79EFBC}") = "04.VacationBookList", "04.VacationBookList\04.VacationBookList.csproj", "{E7CEAD58-1410-4106-9C15-F64F56EC1118}"
EndProject
Project("{FAE04EC0-301F-11D3-BF4B-00C04F79EFBC}") = "05.SuppliesForSchool", "05.SuppliesForSchool\05.SuppliesForSchool.csproj", "{FCEFEDE2-5162-4703-A247-748B3F2F827E}"
EndProject
Project("{FAE04EC0-301F-11D3-BF4B-00C04F79EFBC}") = "06.Repainting", "06.Repainting\06.Repainting.csproj", "{C8079684-CBCB-42FF-9292-DD0D1843FCBA}"
EndProject
Project("{FAE04EC0-301F-11D3-BF4B-00C04F79EFBC}") = "07.FoodDelivery", "07.FoodDelivery\07.FoodDelivery.csproj", "{515CA507-9FF4-4270-8074-4AD46ED3CD56}"
EndProject
Project("{FAE04EC0-301F-11D3-BF4B-00C04F79EFBC}") = "08.BasketballEquipment", "08.BasketballEquipment\08.BasketballEquipment.csproj", "{DE1AD28E-BD6D-402B-9AC5-CDBCF0EE6D57}"
EndProject
Global
	GlobalSection(SolutionConfigurationPlatforms) = preSolution
		Debug|Any CPU = Debug|Any CPU
		Release|Any CPU = Release|Any CPU
	EndGlobalSection
	GlobalSection(ProjectConfigurationPlatforms) = postSolution
		{3D93ABF7-BC01-4787-BE7F-5ED7F0CCB327}.Debug|Any CPU.ActiveCfg = Debug|Any CPU
		{3D93ABF7-BC01-4787-BE7F-5ED7F0CCB327}.Debug|Any CPU.Build.0 = Debug|Any CPU
		{3D93ABF7-BC01-4787-BE7F-5ED7F0CCB327}.Release|Any CPU.ActiveCfg = Release|Any CPU
		{3D93ABF7-BC01-4787-BE7F-5ED7F0CCB327}.Release|Any CPU.Build.0 = Release|Any CPU
		{89D9A447-B4BB-4117-8CF7-3D0207A6DAE2}.Debug|Any CPU.ActiveCfg = Debug|Any CPU
		{89D9A447-B4BB-4117-8CF7-3D0207A6DAE2}.Debug|Any CPU.Build.0 = Debug|Any CPU
		{89D9A447-B4BB-4117-8CF7-3D0207A6DAE2}.Release|Any CPU.ActiveCfg = Release|Any CPU
		{89D9A447-B4BB-4117-8CF7-3D0207A6DAE2}.Release|Any CPU.Build.0 = Release|Any CPU
		{D4DFABA6-0BBD-49EE-BD20-A85F2FF1D131}.Debug|Any CPU.ActiveCfg = Debug|Any CPU
		{D4DFABA6-0BBD-49EE-BD20-A85F2FF1D131}.Debug|Any CPU.Build.0 = Debug|Any CPU
		{D4DFABA6-0BBD-49EE-BD20-A85F2FF1D131}.Release|Any CPU.ActiveCfg = Release|Any CPU
		{D4DFABA6-0BBD-49EE-BD20-A85F2FF1D131}.Release|Any CPU.Build.0 = Release|Any CPU
		{E7CEAD58-1410-4106-9C15-F64F56EC1118}.Debug|Any CPU.ActiveCfg = Debug|Any CPU
		{E7CEAD58-1410-4106-9C15-F64F56EC1118}.Debug|Any CPU.Build.0 = Debug|Any CPU
		{E7CEAD58-1410-4106-9C15-F64F56EC1118}.Release|Any CPU.ActiveCfg = Release|Any CPU
		{E7CEAD58-1410-4106-9C15-F64F56EC1118}.Release|Any CPU.Build.0 = Release|Any CPU
		{FCEFEDE2-5162-4703-A247-748B3F2F827E}.Debug|Any CPU.ActiveCfg = Debug|Any CPU
		{FCEFEDE2-5162-4703-A247-748B3F2F827E}.Debug|Any CPU.Build.0 = Debug|Any CPU
		{FCEFEDE2-5162-4703-A247-748B3F2F827E}.Release|Any CPU.ActiveCfg = Release|Any CPU
		{FCEFEDE2-5162-4703-A247-748B3F2F827E}.Release|Any CPU.Build.0 = Release|Any CPU
		{C8079684-CBCB-42FF-9292-DD0D1843FCBA}.Debug|Any CPU.ActiveCfg = Debug|Any CPU
		{C8079684-CBCB-42FF-9292-DD0D1843FCBA}.Debug|Any CPU.Build.0 = Debug|Any CPU
		{C8079684-CBCB-42FF-9292-DD0D1843FCBA}.Release|Any CPU.ActiveCfg = Release|Any CPU
		{C8079684-CBCB-42FF-9292-DD0D1843FCBA}.Release|Any CPU.Build.0 = Release|Any CPU
		{515CA507-9FF4-4270-8074-4AD46ED3CD56}.Debug|Any CPU.ActiveCfg = Debug|Any CPU
		{515CA507-9FF4-4270-8074-4AD46ED3CD56}.Debug|Any CPU.Build.0 = Debug|Any CPU
		{515CA507-9FF4-4270-8074-4AD46ED3CD56}.Release|Any CPU.ActiveCfg = Release|Any CPU
		{515CA507-9FF4-4270-8074-4AD46ED3CD56}.Release|Any CPU.Build.0 = Release|Any CPU
		{DE1AD28E-BD6D-402B-9AC5-CDBCF0EE6D57}.Debug|Any CPU.ActiveCfg = Debug|Any CPU
		{DE1AD28E-BD6D-402B-9AC5-CDBCF0EE6D57}.Debug|Any CPU.Build.0 = Debug|Any CPU
		{DE1AD28E-BD6D-402B-9AC5-CDBCF0EE6D57}.Release|Any CPU.ActiveCfg = Release|Any CPU
		{DE1AD28E-BD6D-402B-9AC5-CDBCF0EE6D57}.Release|Any CPU.Build.0 = Release|Any CPU
	EndGlobalSection
	GlobalSection(SolutionProperties) = preSolution
		HideSolutionNode = FALSE
	EndGlobalSection
	GlobalSection(ExtensibilityGlobals) = postSolution
		SolutionGuid = {FB2323E7-55CD-4CB0-9450-3231DECC90B4}
	EndGlobalSection
EndGlobal
