
Microsoft Visual Studio Solution File, Format Version 12.00
# Visual Studio Version 16
VisualStudioVersion = 16.0.31702.278
MinimumVisualStudioVersion = 10.0.40219.1
Project("{FAE04EC0-301F-11D3-BF4B-00C04F79EFBC}") = "01.USDtoBGN", "01.USDtoBGN\01.USDtoBGN.csproj", "{3D93ABF7-BC01-4787-BE7F-5ED7F0CCB327}"
EndProject
Global
	GlobalSection(SolutionConfigurationPlatforms) = preSolution
		Debug|Any CPU = Debug|Any CPU
		Release|Any CPU = Release|Any CPU
	EndGlobalSection
	GlobalSection(ProjectConfigurationPlatforms) = postSolution
		{3D93ABF7-BC01-4787-BE7F-5ED7F0CCB327}.Debug|Any CPU.ActiveCfg = Debug|Any CPU
		{3D93ABF7-BC01-4787-BE7F-5ED7F0CCB327}.Debug|Any CPU.Build.0 = Debug|Any CPU
		{3D93ABF7-BC01-4787-BE7F-5ED7F0CCB327}.Release|Any CPU.ActiveCfg = Release|Any CPU
		{3D93ABF7-BC01-4787-BE7F-5ED7F0CCB327}.Release|Any CPU.Build.0 = Release|Any CPU
	EndGlobalSection
	GlobalSection(SolutionProperties) = preSolution
		HideSolutionNode = FALSE
	EndGlobalSection
	GlobalSection(ExtensibilityGlobals) = postSolution
		SolutionGuid = {FB2323E7-55CD-4CB0-9450-3231DECC90B4}
	EndGlobalSection
EndGlobal
