
Microsoft Visual Studio Solution File, Format Version 12.00
# Visual Studio Version 16
VisualStudioVersion = 16.0.31702.278
MinimumVisualStudioVersion = 10.0.40219.1
Project("{FAE04EC0-301F-11D3-BF4B-00C04F79EFBC}") = "01.SumSeconds", "01.SumSeconds\01.SumSeconds.csproj", "{C8226D8D-F544-4284-8536-CFD81FF956A3}"
EndProject
Project("{FAE04EC0-301F-11D3-BF4B-00C04F79EFBC}") = "02.BonusScore", "02.BonusScore\02.BonusScore.csproj", "{CB8DBD0D-1651-4979-B211-F6C4F6D80264}"
EndProject
Project("{FAE04EC0-301F-11D3-BF4B-00C04F79EFBC}") = "03.Time+15Minutes", "03.Time+15Minutes\03.Time+15Minutes.csproj", "{9A12F26E-9D75-4931-8EFE-7CC2BFBDEB7E}"
EndProject
Project("{FAE04EC0-301F-11D3-BF4B-00C04F79EFBC}") = "04.ToyShop", "04.ToyShop\04.ToyShop.csproj", "{7977883B-C394-4BF4-905A-9966B1E9C164}"
EndProject
Global
	GlobalSection(SolutionConfigurationPlatforms) = preSolution
		Debug|Any CPU = Debug|Any CPU
		Release|Any CPU = Release|Any CPU
	EndGlobalSection
	GlobalSection(ProjectConfigurationPlatforms) = postSolution
		{C8226D8D-F544-4284-8536-CFD81FF956A3}.Debug|Any CPU.ActiveCfg = Debug|Any CPU
		{C8226D8D-F544-4284-8536-CFD81FF956A3}.Debug|Any CPU.Build.0 = Debug|Any CPU
		{C8226D8D-F544-4284-8536-CFD81FF956A3}.Release|Any CPU.ActiveCfg = Release|Any CPU
		{C8226D8D-F544-4284-8536-CFD81FF956A3}.Release|Any CPU.Build.0 = Release|Any CPU
		{CB8DBD0D-1651-4979-B211-F6C4F6D80264}.Debug|Any CPU.ActiveCfg = Debug|Any CPU
		{CB8DBD0D-1651-4979-B211-F6C4F6D80264}.Debug|Any CPU.Build.0 = Debug|Any CPU
		{CB8DBD0D-1651-4979-B211-F6C4F6D80264}.Release|Any CPU.ActiveCfg = Release|Any CPU
		{CB8DBD0D-1651-4979-B211-F6C4F6D80264}.Release|Any CPU.Build.0 = Release|Any CPU
		{9A12F26E-9D75-4931-8EFE-7CC2BFBDEB7E}.Debug|Any CPU.ActiveCfg = Debug|Any CPU
		{9A12F26E-9D75-4931-8EFE-7CC2BFBDEB7E}.Debug|Any CPU.Build.0 = Debug|Any CPU
		{9A12F26E-9D75-4931-8EFE-7CC2BFBDEB7E}.Release|Any CPU.ActiveCfg = Release|Any CPU
		{9A12F26E-9D75-4931-8EFE-7CC2BFBDEB7E}.Release|Any CPU.Build.0 = Release|Any CPU
		{7977883B-C394-4BF4-905A-9966B1E9C164}.Debug|Any CPU.ActiveCfg = Debug|Any CPU
		{7977883B-C394-4BF4-905A-9966B1E9C164}.Debug|Any CPU.Build.0 = Debug|Any CPU
		{7977883B-C394-4BF4-905A-9966B1E9C164}.Release|Any CPU.ActiveCfg = Release|Any CPU
		{7977883B-C394-4BF4-905A-9966B1E9C164}.Release|Any CPU.Build.0 = Release|Any CPU
	EndGlobalSection
	GlobalSection(SolutionProperties) = preSolution
		HideSolutionNode = FALSE
	EndGlobalSection
	GlobalSection(ExtensibilityGlobals) = postSolution
		SolutionGuid = {3BD4AFF7-DC02-4686-8373-2F363BC82B01}
	EndGlobalSection
EndGlobal
